# This file is automatically @generated by Cargo.
# It is not intended for manual editing.
version = 4

[[package]]
name = "arrayvec"
version = "0.7.8"
source = "registry+https://github.com/rust-lang/crates.io-index"
checksum = "d3fb67a6e08acf24fdeccbac2cb6ac4305825bd1f117462e0e6f2f193345ad56"

[[package]]
name = "bitflags"
version = "2.13.0"
source = "registry+https://github.com/rust-lang/crates.io-index"
checksum = "b4388bee8683e3d04af747c73422af53102d2bd24d9eadb6cbc100baef4b43f8"

[[package]]
name = "bumpalo"
version = "3.20.3"
source = "registry+https://github.com/rust-lang/crates.io-index"
checksum = "72f5acc6cb2ba439de613abc23857ec3d78374d8ed5ac84e9d11336e87da8649"

[[package]]
name = "equivalent"
version = "1.0.2"
source = "registry+https://github.com/rust-lang/crates.io-index"
checksum = "877a4ace8713b0bcf2a4e7eec82529c029f1d0619886d18145fea96c3ffe5c0f"

[[package]]
name = "foldhash"
version = "0.1.5"
source = "registry+https://github.com/rust-lang/crates.io-index"
checksum = "d9c4f5dac5e15c24eb999c26181a6ca40b39fe946cbe4c263c7209467bc83af2"

[[package]]
name = "hashbrown"
version = "0.15.5"
source = "registry+https://github.com/rust-lang/crates.io-index"
checksum = "9229cfe53dfd69f0609a49f65461bd93001ea1ef889cd5529dd176593f5338a1"
dependencies = [
 "foldhash",
]

[[package]]
name = "hashbrown"
version = "0.17.1"
source = "registry+https://github.com/rust-lang/crates.io-index"
checksum = "ed5909b6e89a2db4456e54cd5f673791d7eca6732202bbf2a9cc504fe2f9b84a"

[[package]]
name = "indexmap"
version = "2.14.0"
source = "registry+https://github.com/rust-lang/crates.io-index"
checksum = "d466e9454f08e4a911e14806c24e16fba1b4c121d1ea474396f396069cf949d9"
dependencies = [
 "equivalent",
 "hashbrown 0.17.1",
]

[[package]]
name = "leb128fmt"
version = "0.1.0"
source = "registry+https://github.com/rust-lang/crates.io-index"
checksum = "09edd9e8b54e49e587e4f6295a7d29c3ea94d469cb40ab8ca70b288248a81db2"

[[package]]
name = "libc"
version = "0.2.186"
source = "registry+https://github.com/rust-lang/crates.io-index"
checksum = "68ab91017fe16c622486840e4c83c9a37afeff978bd239b5293d61ece587de66"

[[package]]
name = "libm"
version = "0.2.16"
source = "registry+https://github.com/rust-lang/crates.io-index"
checksum = "b6d2cec3eae94f9f509c767b45932f1ada8350c4bdb85af2fcab4a3c14807981"

[[package]]
name = "memchr"
version = "2.8.3"
source = "registry+https://github.com/rust-lang/crates.io-index"
checksum = "cf8baf1c55e62ffcace7a9f06f4bd9cd3f0c4beb022d3b367256b91b87513d98"

[[package]]
name = "multi-stash"
version = "0.2.0"
source = "registry+https://github.com/rust-lang/crates.io-index"
checksum = "685a9ac4b61f4e728e1d2c6a7844609c16527aeb5e6c865915c08e619c16410f"

[[package]]
name = "page_size"
version = "0.6.0"
source = "registry+https://github.com/rust-lang/crates.io-index"
checksum = "30d5b2194ed13191c1999ae0704b7839fb18384fa22e49b57eeaa97d79ce40da"
dependencies = [
 "libc",
 "winapi",
]

[[package]]
name = "proc-macro2"
version = "1.0.106"
source = "registry+https://github.com/rust-lang/crates.io-index"
checksum = "8fd00f0bb2e90d81d1044c2b32617f68fcb9fa3bb7640c23e9c748e53fb30934"
dependencies = [
 "unicode-ident",
]

[[package]]
name = "quote"
version = "1.0.46"
source = "registry+https://github.com/rust-lang/crates.io-index"
checksum = "dfbc457d0c7a0759a614551b11a6409e5951f6c7537be1f1b7682b9ae9230368"
dependencies = [
 "proc-macro2",
]

[[package]]
name = "serde"
version = "1.0.228"
source = "registry+https://github.com/rust-lang/crates.io-index"
checksum = "9a8e94ea7f378bd32cbbd37198a4a91436180c5bb472411e48b5ec2e2124ae9e"
dependencies = [
 "serde_core",
]

[[package]]
name = "serde_core"
version = "1.0.228"
source = "registry+https://github.com/rust-lang/crates.io-index"
checksum = "41d385c7d4ca58e59fc732af25c3983b67ac852c1a25000afe1175de458b67ad"
dependencies = [
 "serde_derive",
]

[[package]]
name = "serde_derive"
version = "1.0.228"
source = "registry+https://github.com/rust-lang/crates.io-index"
checksum = "d540f220d3187173da220f885ab66608367b6574e925011a9353e4badda91d79"
dependencies = [
 "proc-macro2",
 "quote",
 "syn",
]

[[package]]
name = "smallvec"
version = "1.15.2"
source = "registry+https://github.com/rust-lang/crates.io-index"
checksum = "8ed6a63f02c8539c91a8685a86f4099661ba3da017932f6ebbea6de3f0fa7c90"

[[package]]
name = "spin"
version = "0.9.9"
source = "registry+https://github.com/rust-lang/crates.io-index"
checksum = "3763264f6b73151db08c50ff20d7d8a0b8796e021cdea7ceedad07b80155fa0e"

[[package]]
name = "string-interner"
version = "0.19.0"
source = "registry+https://github.com/rust-lang/crates.io-index"
checksum = "23de088478b31c349c9ba67816fa55d9355232d63c3afea8bf513e31f0f1d2c0"
dependencies = [
 "hashbrown 0.15.5",
 "serde",
]

[[package]]
name = "svm-browser"
version = "0.0.0"
dependencies = [
 "svm-dap",
 "svm-durable",
 "svm-encode",
 "svm-fs",
 "svm-interp",
 "svm-ir",
 "svm-text",
 "svm-verify",
 "svm-wasmjit",
 "wasmi",
]

[[package]]
name = "svm-dap"
version = "0.0.0"
dependencies = [
 "svm-interp",
 "svm-ir",
 "svm-text",
]

[[package]]
name = "svm-durable"
version = "0.0.0"
dependencies = [
 "svm-ir",
]

[[package]]
name = "svm-encode"
version = "0.0.0"
dependencies = [
 "svm-ir",
]

[[package]]
name = "svm-fs"
version = "0.0.0"
dependencies = [
 "svm-interp",
]

[[package]]
name = "svm-interp"
version = "0.0.0"
dependencies = [
 "page_size",
 "svm-encode",
 "svm-ir",
 "svm-mask",
 "svm-mem",
 "svm-verify",
]

[[package]]
name = "svm-ir"
version = "0.0.0"

[[package]]
name = "svm-mask"
version = "0.0.0"

[[package]]
name = "svm-mem"
version = "0.0.0"
dependencies = [
 "libc",
]

[[package]]
name = "svm-text"
version = "0.0.0"
dependencies = [
 "svm-ir",
]

[[package]]
name = "svm-verify"
version = "0.0.0"
dependencies = [
 "svm-ir",
]

[[package]]
name = "svm-wasmjit"
version = "0.0.0"
dependencies = [
 "svm-ir",
]

[[package]]
name = "syn"
version = "2.0.119"
source = "registry+https://github.com/rust-lang/crates.io-index"
checksum = "872831b642d1a07999a962a351ed35b955ea2cfc8f3862091e2a240a84f17297"
dependencies = [
 "proc-macro2",
 "quote",
 "unicode-ident",
]

[[package]]
name = "unicode-ident"
version = "1.0.24"
source = "registry+https://github.com/rust-lang/crates.io-index"
checksum = "e6e4313cd5fcd3dad5cafa179702e2b244f760991f45397d14d4ebf38247da75"

[[package]]
name = "unicode-width"
version = "0.2.2"
source = "registry+https://github.com/rust-lang/crates.io-index"
checksum = "b4ac048d71ede7ee76d585517add45da530660ef4390e49b098733c6e897f254"

[[package]]
name = "wasm-encoder"
version = "0.253.0"
source = "registry+https://github.com/rust-lang/crates.io-index"
checksum = "59972d6cd272259de647b7c1f1912e45e289c75ffd4be04e10695507cd7e1b59"
dependencies = [
 "leb128fmt",
 "wasmparser 0.253.0",
]

[[package]]
name = "wasmi"
version = "0.47.2"
source = "registry+https://github.com/rust-lang/crates.io-index"
checksum = "ee6af0b25ed89e2a797c714590a216ce05ce936a087083b35b462ce2b570eca7"
dependencies = [
 "arrayvec",
 "multi-stash",
 "smallvec",
 "spin",
 "wasmi_collections",
 "wasmi_core",
 "wasmi_ir",
 "wasmparser 0.228.0",
 "wat",
]

[[package]]
name = "wasmi_collections"
version = "0.47.2"
source = "registry+https://github.com/rust-lang/crates.io-index"
checksum = "f040e44c15d6f7920a431d989efcd4fe18041710222ca0971d8f1768c8ec2d46"
dependencies = [
 "string-interner",
]

[[package]]
name = "wasmi_core"
version = "0.47.2"
source = "registry+https://github.com/rust-lang/crates.io-index"
checksum = "784d6fa8a3aadeb08ab7a03d4f25fb6edbc523c516e57ae463652a271c58fa5a"
dependencies = [
 "libm",
]

[[package]]
name = "wasmi_ir"
version = "0.47.2"
source = "registry+https://github.com/rust-lang/crates.io-index"
checksum = "90e927724e6402ed91d45d440c7ae062f5ddef48c5a9dbcd946cb81ec42b6845"
dependencies = [
 "wasmi_core",
]

[[package]]
name = "wasmparser"
version = "0.228.0"
source = "registry+https://github.com/rust-lang/crates.io-index"
checksum = "4abf1132c1fdf747d56bbc1bb52152400c70f336870f968b85e89ea422198ae3"
dependencies = [
 "bitflags",
 "indexmap",
]

[[package]]
name = "wasmparser"
version = "0.253.0"
source = "registry+https://github.com/rust-lang/crates.io-index"
checksum = "19db11f87d2486580e1e8b6f494c54df7e0566b87d0b599db843c24019667339"
dependencies = [
 "bitflags",
 "indexmap",
]

[[package]]
name = "wast"
version = "253.0.0"
source = "registry+https://github.com/rust-lang/crates.io-index"
checksum = "d3264542f8965c5d84fb1085d924bfba9a6314bb228eff13a2de14d7627664d0"
dependencies = [
 "bumpalo",
 "leb128fmt",
 "memchr",
 "unicode-width",
 "wasm-encoder",
]

[[package]]
name = "wat"
version = "1.253.0"
source = "registry+https://github.com/rust-lang/crates.io-index"
checksum = "4bfc5ce906144200c972ec617470aa35bd847472e170b26dde3e80541c674055"
dependencies = [
 "wast",
]

[[package]]
name = "winapi"
version = "0.3.9"
source = "registry+https://github.com/rust-lang/crates.io-index"
checksum = "5c839a674fcd7a98952e593242ea400abe93992746761e38641405d28b00f419"
dependencies = [
 "winapi-i686-pc-windows-gnu",
 "winapi-x86_64-pc-windows-gnu",
]

[[package]]
name = "winapi-i686-pc-windows-gnu"
version = "0.4.0"
source = "registry+https://github.com/rust-lang/crates.io-index"
checksum = "ac3b87c63620426dd9b991e5ce0329eff545bccbbb34f3be09ff6fb6ab51b7b6"

[[package]]
name = "winapi-x86_64-pc-windows-gnu"
version = "0.4.0"
source = "registry+https://github.com/rust-lang/crates.io-index"
checksum = "712e227841d057c1ee1cd2fb22fa7e5a5461ae8e48fa2ca79ec42cfc1931183f"
