# This file is automatically @generated by Cargo.
# It is not intended for manual editing.
version = 4

[[package]]
name = "svm"
version = "0.0.0"
dependencies = [
 "svm-encode",
 "svm-interp",
 "svm-ir",
 "svm-text",
 "svm-verify",
]

[[package]]
name = "svm-encode"
version = "0.0.0"
dependencies = [
 "svm-ir",
]

[[package]]
name = "svm-interp"
version = "0.0.0"
dependencies = [
 "svm-ir",
]

[[package]]
name = "svm-ir"
version = "0.0.0"

[[package]]
name = "svm-text"
version = "0.0.0"
dependencies = [
 "svm-ir",
]

[[package]]
name = "svm-verify"
version = "0.0.0"
dependencies = [
 "svm-ir",
]
